
Microsoft Visual Studio Solution File, Format Version 12.00
# Visual Studio Version 16
VisualStudioVersion = 16.0.30309.148
MinimumVisualStudioVersion = 10.0.40219.1
Project("{9A19103F-16F7-4668-BE54-9A1E7A4F7556}") = "ToKhaiYTe", "ToKhaiYTe\ToKhaiYTe.csproj", "{0A3C0CF6-B843-48BC-8A3E-EC4340F0B942}"
EndProject
Project("{FAE04EC0-301F-11D3-BF4B-00C04F79EFBC}") = "ToolCrawList", "ToolCrawList\ToolCrawList.csproj", "{80152B07-4F84-40F6-BB27-2D0A1625D36C}"
EndProject
Global
	GlobalSection(SolutionConfigurationPlatforms) = preSolution
		Debug|Any CPU = Debug|Any CPU
		Release|Any CPU = Release|Any CPU
	EndGlobalSection
	GlobalSection(ProjectConfigurationPlatforms) = postSolution
		{0A3C0CF6-B843-48BC-8A3E-EC4340F0B942}.Debug|Any CPU.ActiveCfg = Debug|Any CPU
		{0A3C0CF6-B843-48BC-8A3E-EC4340F0B942}.Debug|Any CPU.Build.0 = Debug|Any CPU
		{0A3C0CF6-B843-48BC-8A3E-EC4340F0B942}.Release|Any CPU.ActiveCfg = Release|Any CPU
		{0A3C0CF6-B843-48BC-8A3E-EC4340F0B942}.Release|Any CPU.Build.0 = Release|Any CPU
		{80152B07-4F84-40F6-BB27-2D0A1625D36C}.Debug|Any CPU.ActiveCfg = Debug|Any CPU
		{80152B07-4F84-40F6-BB27-2D0A1625D36C}.Debug|Any CPU.Build.0 = Debug|Any CPU
		{80152B07-4F84-40F6-BB27-2D0A1625D36C}.Release|Any CPU.ActiveCfg = Release|Any CPU
		{80152B07-4F84-40F6-BB27-2D0A1625D36C}.Release|Any CPU.Build.0 = Release|Any CPU
	EndGlobalSection
	GlobalSection(SolutionProperties) = preSolution
		HideSolutionNode = FALSE
	EndGlobalSection
	GlobalSection(ExtensibilityGlobals) = postSolution
		SolutionGuid = {A55E4AD8-CA8E-4B02-8B2F-6EEC2BDC5D39}
	EndGlobalSection
EndGlobal
